<?xml version="1.0" encoding="utf-8"?>
<Project ToolsVersion="4.0" xmlns="http://schemas.microsoft.com/developer/msbuild/2003">
  <ItemGroup>
    <ClCompile Include="main.cpp">
      <Filter>Main</Filter>
    </ClCompile>
    <ClCompile Include="Source\Core\engine.cpp">
      <Filter>Core</Filter>
    </ClCompile>
    <ClCompile Include="Source\Core\timer.cpp">
      <Filter>Core</Filter>
    </ClCompile>
    <ClCompile Include="Source\Core\input.cpp">
      <Filter>Core</Filter>
    </ClCompile>
    <ClCompile Include="Source\Renderer\shader.cpp">
      <Filter>Renderer</Filter>
    </ClCompile>
    <ClCompile Include="Source\Core\file_system.cpp">
      <Filter>Core</Filter>
    </ClCompile>
    <ClCompile Include="Source\Renderer\renderer.cpp">
      <Filter>Renderer</Filter>
    </ClCompile>
    <ClCompile Include="Source\Renderer\vertex_array.cpp">
      <Filter>Renderer</Filter>
    </ClCompile>
    <ClCompile Include="Source\Scenes\scene01.cpp">
      <Filter>Scenes</Filter>
    </ClCompile>
    <ClCompile Include="..\..\Middleware\glad\src\glad.c">
      <Filter>External</Filter>
    </ClCompile>
    <ClCompile Include="Source\Objects\camera.cpp">
      <Filter>Objects</Filter>
    </ClCompile>
    <ClCompile Include="Source\Scenes\scene02.cpp">
      <Filter>Scenes</Filter>
    </ClCompile>
    <ClCompile Include="Source\Scenes\scene03.cpp">
      <Filter>Scenes</Filter>
    </ClCompile>
    <ClCompile Include="Source\Renderer\material.cpp">
      <Filter>Renderer</Filter>
    </ClCompile>
    <ClCompile Include="Source\Objects\directional_light.cpp">
      <Filter>Objects</Filter>
    </ClCompile>
    <ClCompile Include="Source\Objects\light.cpp">
      <Filter>Objects</Filter>
    </ClCompile>
    <ClCompile Include="Source\Objects\point_light.cpp">
      <Filter>Objects</Filter>
    </ClCompile>
    <ClCompile Include="Source\Objects\torus.cpp">
      <Filter>Objects</Filter>
    </ClCompile>
    <ClCompile Include="Source\Objects\cube.cpp">
      <Filter>Objects</Filter>
    </ClCompile>
    <ClCompile Include="Source\Objects\model.cpp">
      <Filter>Objects</Filter>
    </ClCompile>
    <ClCompile Include="Source\Objects\sphere.cpp">
      <Filter>Objects</Filter>
    </ClCompile>
    <ClCompile Include="Source\Scenes\scene04.cpp">
      <Filter>Scenes</Filter>
    </ClCompile>
    <ClCompile Include="Source\Renderer\vertex_arrays.cpp">
      <Filter>Renderer</Filter>
    </ClCompile>
    <ClCompile Include="Source\Objects\plane.cpp">
      <Filter>Objects</Filter>
    </ClCompile>
    <ClCompile Include="Source\Scenes\scene05.cpp">
      <Filter>Scenes</Filter>
    </ClCompile>
  </ItemGroup>
  <ItemGroup>
    <Filter Include="Core">
      <UniqueIdentifier>{7a879ddb-121a-4dce-bfd7-894f027033cc}</UniqueIdentifier>
    </Filter>
    <Filter Include="Main">
      <UniqueIdentifier>{89e89e2b-f26c-40a3-aa91-b2b391084f49}</UniqueIdentifier>
    </Filter>
    <Filter Include="Renderer">
      <UniqueIdentifier>{67adbed8-1fac-4944-9c4d-47bc02fc0a39}</UniqueIdentifier>
    </Filter>
    <Filter Include="Shaders">
      <UniqueIdentifier>{7e05503f-6cdd-4ab6-b857-f788be5ab511}</UniqueIdentifier>
    </Filter>
    <Filter Include="Scenes">
      <UniqueIdentifier>{bc084a35-ae40-4066-b80b-736faf2b019a}</UniqueIdentifier>
    </Filter>
    <Filter Include="External">
      <UniqueIdentifier>{d756e582-6201-4a15-ad2b-5b2c6118ddf9}</UniqueIdentifier>
    </Filter>
    <Filter Include="Math">
      <UniqueIdentifier>{dc724ed9-a9b6-4f0d-acee-dfeb4529e656}</UniqueIdentifier>
    </Filter>
    <Filter Include="Objects">
      <UniqueIdentifier>{222bfdd4-359c-4d62-ba70-7b393abaade1}</UniqueIdentifier>
    </Filter>
  </ItemGroup>
  <ItemGroup>
    <ClInclude Include="Source\Core\engine.h">
      <Filter>Core</Filter>
    </ClInclude>
    <ClInclude Include="Source\Core\system.h">
      <Filter>Core</Filter>
    </ClInclude>
    <ClInclude Include="Source\Core\timer.h">
      <Filter>Core</Filter>
    </ClInclude>
    <ClInclude Include="Source\Core\input.h">
      <Filter>Core</Filter>
    </ClInclude>
    <ClInclude Include="Source\Renderer\shader.h">
      <Filter>Renderer</Filter>
    </ClInclude>
    <ClInclude Include="Source\Core\file_system.h">
      <Filter>Core</Filter>
    </ClInclude>
    <ClInclude Include="Source\Renderer\renderer.h">
      <Filter>Renderer</Filter>
    </ClInclude>
    <ClInclude Include="Source\Renderer\vertex_array.h">
      <Filter>Renderer</Filter>
    </ClInclude>
    <ClInclude Include="Source\Scenes\scene01.h">
      <Filter>Scenes</Filter>
    </ClInclude>
    <ClInclude Include="Source\Core\scene.h">
      <Filter>Core</Filter>
    </ClInclude>
    <ClInclude Include="Source\Math\transform.h">
      <Filter>Math</Filter>
    </ClInclude>
    <ClInclude Include="Source\Core\object.h">
      <Filter>Core</Filter>
    </ClInclude>
    <ClInclude Include="Source\Objects\camera.h">
      <Filter>Objects</Filter>
    </ClInclude>
    <ClInclude Include="Source\Scenes\scene02.h">
      <Filter>Scenes</Filter>
    </ClInclude>
    <ClInclude Include="Source\Scenes\scene03.h">
      <Filter>Scenes</Filter>
    </ClInclude>
    <ClInclude Include="Source\Renderer\material.h">
      <Filter>Renderer</Filter>
    </ClInclude>
    <ClInclude Include="Source\Objects\directional_light.h">
      <Filter>Objects</Filter>
    </ClInclude>
    <ClInclude Include="Source\Objects\light.h">
      <Filter>Objects</Filter>
    </ClInclude>
    <ClInclude Include="Source\Objects\point_light.h">
      <Filter>Objects</Filter>
    </ClInclude>
    <ClInclude Include="Source\Objects\torus.h">
      <Filter>Objects</Filter>
    </ClInclude>
    <ClInclude Include="Source\Objects\cube.h">
      <Filter>Objects</Filter>
    </ClInclude>
    <ClInclude Include="Source\Objects\model.h">
      <Filter>Objects</Filter>
    </ClInclude>
    <ClInclude Include="Source\Objects\sphere.h">
      <Filter>Objects</Filter>
    </ClInclude>
    <ClInclude Include="Source\Scenes\scene04.h">
      <Filter>Scenes</Filter>
    </ClInclude>
    <ClInclude Include="Source\Renderer\vertex_arrays.h">
      <Filter>Renderer</Filter>
    </ClInclude>
    <ClInclude Include="Source\Objects\plane.h">
      <Filter>Objects</Filter>
    </ClInclude>
    <ClInclude Include="Source\Scenes\scene05.h">
      <Filter>Scenes</Filter>
    </ClInclude>
    <ClInclude Include="Source\Objects\renderable.h">
      <Filter>Objects</Filter>
    </ClInclude>
  </ItemGroup>
  <ItemGroup>
    <None Include="..\Resources\Shaders\basic.fs">
      <Filter>Shaders</Filter>
    </None>
    <None Include="..\Resources\Shaders\basic.vs">
      <Filter>Shaders</Filter>
    </None>
    <None Include="..\Resources\Shaders\basic_uv.fs">
      <Filter>Shaders</Filter>
    </None>
    <None Include="..\Resources\Shaders\basic_uv.vs">
      <Filter>Shaders</Filter>
    </None>
    <None Include="..\Resources\Shaders\gouraud.fs">
      <Filter>Shaders</Filter>
    </None>
    <None Include="..\Resources\Shaders\gouraud.vs">
      <Filter>Shaders</Filter>
    </None>
    <None Include="..\Resources\Shaders\gouraud_ads.vs">
      <Filter>Shaders</Filter>
    </None>
    <None Include="..\Resources\Shaders\phong.fs">
      <Filter>Shaders</Filter>
    </None>
    <None Include="..\Resources\Shaders\phong.vs">
      <Filter>Shaders</Filter>
    </None>
    <None Include="..\Resources\Shaders\phong_multi_texture.fs">
      <Filter>Shaders</Filter>
    </None>
    <None Include="..\Resources\Shaders\phong_specular_map.fs">
      <Filter>Shaders</Filter>
    </None>
    <None Include="..\Resources\Shaders\phong_uv.vs">
      <Filter>Shaders</Filter>
    </None>
    <None Include="..\Resources\Shaders\_phong.fs">
      <Filter>Shaders</Filter>
    </None>
    <None Include="..\Resources\Shaders\_phong.vs">
      <Filter>Shaders</Filter>
    </None>
    <None Include="..\Resources\Shaders\basic_color.fs">
      <Filter>Shaders</Filter>
    </None>
    <None Include="..\Resources\Shaders\basic_color.vs">
      <Filter>Shaders</Filter>
    </None>
    <None Include="..\Resources\Shaders\phong_fog.vs">
      <Filter>Shaders</Filter>
    </None>
    <None Include="..\Resources\Shaders\phong_fog.fs">
      <Filter>Shaders</Filter>
    </None>
  </ItemGroup>
</Project>